<?xml version="1.0" encoding="UTF-8" standalone="yes" ?>
<CodeBlocks_project_file>
	<FileVersion major="1" minor="6" />
	<Project>
		<Option title="pizza" />
		<Option makefile="makefile" />
		<Option pch_mode="2" />
		<Option compiler="gcc" />
		<Build>
			<Target title="Debug">
				<Option output="bin/Debug/pizza" prefix_auto="1" extension_auto="1" />
				<Option object_output="obj/Debug/" />
				<Option type="1" />
				<Option compiler="gcc" />
				<Compiler>
					<Add option="-g" />
					<Add directory="include/UI" />
					<Add directory="UI" />
					<Add directory="models" />
					<Add directory="services" />
				</Compiler>
			</Target>
		</Build>
		<Compiler>
			<Add option="-Wall" />
			<Add option="-fexceptions" />
		</Compiler>
		<Unit filename="UI/adminUI.cpp" />
		<Unit filename="UI/adminUI.h" />
		<Unit filename="UI/bakerUI.cpp" />
		<Unit filename="UI/bakerUI.h" />
		<Unit filename="UI/deliveryUI.cpp" />
		<Unit filename="UI/deliveryUI.h" />
		<Unit filename="UI/mainUI.cpp" />
		<Unit filename="UI/mainUI.h" />
		<Unit filename="UI/salesUI.cpp" />
		<Unit filename="UI/salesUI.h" />
		<Unit filename="customLibraries/UIFunctions.cpp" />
		<Unit filename="customLibraries/UIFunctions.h" />
		<Unit filename="customLibraries/fileOperations.cpp" />
		<Unit filename="customLibraries/fileOperations.h" />
		<Unit filename="customLibraries/stringFunctions.cpp" />
		<Unit filename="customLibraries/stringFunctions.h" />
		<Unit filename="main.cpp" />
		<Unit filename="models/AdditionalProduct.cpp" />
		<Unit filename="models/AdditionalProduct.h" />
		<Unit filename="models/Comment.cpp" />
		<Unit filename="models/Comment.h" />
		<Unit filename="models/Location.cpp" />
		<Unit filename="models/Location.h" />
		<Unit filename="models/Order.cpp" />
		<Unit filename="models/Order.h" />
		<Unit filename="models/Pizza.cpp" />
		<Unit filename="models/Pizza.h" />
		<Unit filename="models/Topping.cpp" />
		<Unit filename="models/Topping.h" />
		<Unit filename="services/additionalProductService.cpp" />
		<Unit filename="services/additionalProductService.h" />
		<Unit filename="services/commentService.cpp" />
		<Unit filename="services/commentService.h" />
		<Unit filename="services/locationService.cpp" />
		<Unit filename="services/locationService.h" />
		<Unit filename="services/logoService.cpp" />
		<Unit filename="services/logoService.h" />
		<Unit filename="services/orderService.cpp" />
		<Unit filename="services/orderService.h" />
		<Unit filename="services/pizzaService.cpp" />
		<Unit filename="services/pizzaService.h" />
		<Unit filename="services/toppingService.cpp" />
		<Unit filename="services/toppingService.h" />
		<Unit filename="services/validationService.cpp" />
		<Unit filename="services/validationService.h" />
		<Extensions>
			<code_completion />
			<debugger />
			<envvars />
		</Extensions>
	</Project>
</CodeBlocks_project_file>
